PODS:
  - GoogleMaps (9.1.1):
    - GoogleMaps/Maps (= 9.1.1)
  - GoogleMaps/Base (9.1.1)
  - GoogleMaps/Maps (9.1.1):
    - GoogleMaps/Base
  - KGoogleMap (0.1.0-beta.13):
    - GoogleMaps (~> 9.1.1.0)

DEPENDENCIES:
  - GoogleMaps
  - KGoogleMap (= 0.1.0-beta.13)

SPEC REPOS:
  trunk:
    - GoogleMaps
    - KGoogleMap

SPEC CHECKSUMS:
  GoogleMaps: 80ea184ed6bf44139f383a8b0e248ba3ec1cc8c9
  KGoogleMap: f2a2151f5dc57f8adcb46219df8309d82959cff0

PODFILE CHECKSUM: 49d27b0fe72cb38dfd6013070e96d49373501990

COCOAPODS: 1.15.2
